// !$*UTF8*$!
{
	archiveVersion = 1;
	classes = {
	};
	objectVersion = 46;
	objects = {

/* Begin PBXBuildFile section */
		D210D34B1D070A8A0067D83D /* SaveController.swift in Sources */ = {isa = PBXBuildFile; fileRef = D210D34A1D070A8A0067D83D /* SaveController.swift */; };
		D21523441D103CD400A5BAD0 /* Maps.xcdatamodeld in Sources */ = {isa = PBXBuildFile; fileRef = D21523421D103CD400A5BAD0 /* Maps.xcdatamodeld */; };
		D23BA9B51D11933600C7CE3B /* Route+CoreDataProperties.swift in Sources */ = {isa = PBXBuildFile; fileRef = D23BA9B31D11933600C7CE3B /* Route+CoreDataProperties.swift */; };
		D23BA9B61D11933600C7CE3B /* Route.swift in Sources */ = {isa = PBXBuildFile; fileRef = D23BA9B41D11933600C7CE3B /* Route.swift */; };
		D23BA9B81D11945400C7CE3B /* DataController.swift in Sources */ = {isa = PBXBuildFile; fileRef = D23BA9B71D11945400C7CE3B /* DataController.swift */; };
		D25DC7941CF73B3F00ACAAA3 /* Compass.png in Resources */ = {isa = PBXBuildFile; fileRef = D25DC7931CF73B3F00ACAAA3 /* Compass.png */; };
		D2BA39981CE1461F00D3DB8D /* AppDelegate.swift in Sources */ = {isa = PBXBuildFile; fileRef = D2BA39971CE1461F00D3DB8D /* AppDelegate.swift */; };
		D2BA399A1CE1461F00D3DB8D /* ViewController.swift in Sources */ = {isa = PBXBuildFile; fileRef = D2BA39991CE1461F00D3DB8D /* ViewController.swift */; };
		D2BA399D1CE1461F00D3DB8D /* Main.storyboard in Resources */ = {isa = PBXBuildFile; fileRef = D2BA399B1CE1461F00D3DB8D /* Main.storyboard */; };
		D2BA399F1CE1461F00D3DB8D /* Assets.xcassets in Resources */ = {isa = PBXBuildFile; fileRef = D2BA399E1CE1461F00D3DB8D /* Assets.xcassets */; };
		D2BA39A21CE1461F00D3DB8D /* LaunchScreen.storyboard in Resources */ = {isa = PBXBuildFile; fileRef = D2BA39A01CE1461F00D3DB8D /* LaunchScreen.storyboard */; };
		D2BA39AD1CE1461F00D3DB8D /* MapsTests.swift in Sources */ = {isa = PBXBuildFile; fileRef = D2BA39AC1CE1461F00D3DB8D /* MapsTests.swift */; };
		D2BA39B81CE1461F00D3DB8D /* MapsUITests.swift in Sources */ = {isa = PBXBuildFile; fileRef = D2BA39B71CE1461F00D3DB8D /* MapsUITests.swift */; };
		D2E94CD31CE21F8900164B81 /* CoreLocation.framework in Frameworks */ = {isa = PBXBuildFile; fileRef = D2E94CD21CE21F8900164B81 /* CoreLocation.framework */; };
/* End PBXBuildFile section */

/* Begin PBXContainerItemProxy section */
		D2BA39A91CE1461F00D3DB8D /* PBXContainerItemProxy */ = {
			isa = PBXContainerItemProxy;
			containerPortal = D2BA398C1CE1461F00D3DB8D /* Project object */;
			proxyType = 1;
			remoteGlobalIDString = D2BA39931CE1461F00D3DB8D;
			remoteInfo = Maps;
		};
		D2BA39B41CE1461F00D3DB8D /* PBXContainerItemProxy */ = {
			isa = PBXContainerItemProxy;
			containerPortal = D2BA398C1CE1461F00D3DB8D /* Project object */;
			proxyType = 1;
			remoteGlobalIDString = D2BA39931CE1461F00D3DB8D;
			remoteInfo = Maps;
		};
/* End PBXContainerItemProxy section */

/* Begin PBXFileReference section */
		D210D34A1D070A8A0067D83D /* SaveController.swift */ = {isa = PBXFileReference; fileEncoding = 4; lastKnownFileType = sourcecode.swift; name = SaveController.swift; path = ../SaveController.swift; sourceTree = "<group>"; };
		D21523431D103CD400A5BAD0 /* Maps.xcdatamodel */ = {isa = PBXFileReference; lastKnownFileType = wrapper.xcdatamodel; path = Maps.xcdatamodel; sourceTree = "<group>"; };
		D23BA9B31D11933600C7CE3B /* Route+CoreDataProperties.swift */ = {isa = PBXFileReference; fileEncoding = 4; lastKnownFileType = sourcecode.swift; path = "Route+CoreDataProperties.swift"; sourceTree = "<group>"; };
		D23BA9B41D11933600C7CE3B /* Route.swift */ = {isa = PBXFileReference; fileEncoding = 4; lastKnownFileType = sourcecode.swift; path = Route.swift; sourceTree = "<group>"; };
		D23BA9B71D11945400C7CE3B /* DataController.swift */ = {isa = PBXFileReference; fileEncoding = 4; lastKnownFileType = sourcecode.swift; name = DataController.swift; path = ../DataController.swift; sourceTree = "<group>"; };
		D25DC7931CF73B3F00ACAAA3 /* Compass.png */ = {isa = PBXFileReference; lastKnownFileType = image.png; name = Compass.png; path = ../../Compass.png; sourceTree = "<group>"; };
		D2BA39941CE1461F00D3DB8D /* Maps.app */ = {isa = PBXFileReference; explicitFileType = wrapper.application; includeInIndex = 0; path = Maps.app; sourceTree = BUILT_PRODUCTS_DIR; };
		D2BA39971CE1461F00D3DB8D /* AppDelegate.swift */ = {isa = PBXFileReference; lastKnownFileType = sourcecode.swift; path = AppDelegate.swift; sourceTree = "<group>"; };
		D2BA39991CE1461F00D3DB8D /* ViewController.swift */ = {isa = PBXFileReference; lastKnownFileType = sourcecode.swift; path = ViewController.swift; sourceTree = "<group>"; };
		D2BA399C1CE1461F00D3DB8D /* Base */ = {isa = PBXFileReference; lastKnownFileType = file.storyboard; name = Base; path = Base.lproj/Main.storyboard; sourceTree = "<group>"; };
		D2BA399E1CE1461F00D3DB8D /* Assets.xcassets */ = {isa = PBXFileReference; lastKnownFileType = folder.assetcatalog; path = Assets.xcassets; sourceTree = "<group>"; };
		D2BA39A11CE1461F00D3DB8D /* Base */ = {isa = PBXFileReference; lastKnownFileType = file.storyboard; name = Base; path = Base.lproj/LaunchScreen.storyboard; sourceTree = "<group>"; };
		D2BA39A31CE1461F00D3DB8D /* Info.plist */ = {isa = PBXFileReference; lastKnownFileType = text.plist.xml; path = Info.plist; sourceTree = "<group>"; };
		D2BA39A81CE1461F00D3DB8D /* MapsTests.xctest */ = {isa = PBXFileReference; explicitFileType = wrapper.cfbundle; includeInIndex = 0; path = MapsTests.xctest; sourceTree = BUILT_PRODUCTS_DIR; };
		D2BA39AC1CE1461F00D3DB8D /* MapsTests.swift */ = {isa = PBXFileReference; lastKnownFileType = sourcecode.swift; path = MapsTests.swift; sourceTree = "<group>"; };
		D2BA39AE1CE1461F00D3DB8D /* Info.plist */ = {isa = PBXFileReference; lastKnownFileType = text.plist.xml; path = Info.plist; sourceTree = "<group>"; };
		D2BA39B31CE1461F00D3DB8D /* MapsUITests.xctest */ = {isa = PBXFileReference; explicitFileType = wrapper.cfbundle; includeInIndex = 0; path = MapsUITests.xctest; sourceTree = BUILT_PRODUCTS_DIR; };
		D2BA39B71CE1461F00D3DB8D /* MapsUITests.swift */ = {isa = PBXFileReference; lastKnownFileType = sourcecode.swift; path = MapsUITests.swift; sourceTree = "<group>"; };
		D2BA39B91CE1461F00D3DB8D /* Info.plist */ = {isa = PBXFileReference; lastKnownFileType = text.plist.xml; path = Info.plist; sourceTree = "<group>"; };
		D2E94CD21CE21F8900164B81 /* CoreLocation.framework */ = {isa = PBXFileReference; lastKnownFileType = wrapper.framework; name = CoreLocation.framework; path = System/Library/Frameworks/CoreLocation.framework; sourceTree = SDKROOT; };
/* End PBXFileReference section */

/* Begin PBXFrameworksBuildPhase section */
		D2BA39911CE1461F00D3DB8D /* Frameworks */ = {
			isa = PBXFrameworksBuildPhase;
			buildActionMask = 2147483647;
			files = (
				D2E94CD31CE21F8900164B81 /* CoreLocation.framework in Frameworks */,
			);
			runOnlyForDeploymentPostprocessing = 0;
		};
		D2BA39A51CE1461F00D3DB8D /* Frameworks */ = {
			isa = PBXFrameworksBuildPhase;
			buildActionMask = 2147483647;
			files = (
			);
			runOnlyForDeploymentPostprocessing = 0;
		};
		D2BA39B01CE1461F00D3DB8D /* Frameworks */ = {
			isa = PBXFrameworksBuildPhase;
			buildActionMask = 2147483647;
			files = (
			);
			runOnlyForDeploymentPostprocessing = 0;
		};
/* End PBXFrameworksBuildPhase section */

/* Begin PBXGroup section */
		D2BA398B1CE1461F00D3DB8D = {
			isa = PBXGroup;
			children = (
				D23BA9B31D11933600C7CE3B /* Route+CoreDataProperties.swift */,
				D23BA9B41D11933600C7CE3B /* Route.swift */,
				D2E94CD21CE21F8900164B81 /* CoreLocation.framework */,
				D2BA39961CE1461F00D3DB8D /* Maps */,
				D2BA39AB1CE1461F00D3DB8D /* MapsTests */,
				D2BA39B61CE1461F00D3DB8D /* MapsUITests */,
				D2BA39951CE1461F00D3DB8D /* Products */,
			);
			sourceTree = "<group>";
		};
		D2BA39951CE1461F00D3DB8D /* Products */ = {
			isa = PBXGroup;
			children = (
				D2BA39941CE1461F00D3DB8D /* Maps.app */,
				D2BA39A81CE1461F00D3DB8D /* MapsTests.xctest */,
				D2BA39B31CE1461F00D3DB8D /* MapsUITests.xctest */,
			);
			name = Products;
			sourceTree = "<group>";
		};
		D2BA39961CE1461F00D3DB8D /* Maps */ = {
			isa = PBXGroup;
			children = (
				D23BA9B71D11945400C7CE3B /* DataController.swift */,
				D2BA39971CE1461F00D3DB8D /* AppDelegate.swift */,
				D210D34A1D070A8A0067D83D /* SaveController.swift */,
				D2BA39991CE1461F00D3DB8D /* ViewController.swift */,
				D2BA399B1CE1461F00D3DB8D /* Main.storyboard */,
				D25DC7931CF73B3F00ACAAA3 /* Compass.png */,
				D2BA399E1CE1461F00D3DB8D /* Assets.xcassets */,
				D2BA39A01CE1461F00D3DB8D /* LaunchScreen.storyboard */,
				D2BA39A31CE1461F00D3DB8D /* Info.plist */,
				D21523421D103CD400A5BAD0 /* Maps.xcdatamodeld */,
			);
			path = Maps;
			sourceTree = "<group>";
		};
		D2BA39AB1CE1461F00D3DB8D /* MapsTests */ = {
			isa = PBXGroup;
			children = (
				D2BA39AC1CE1461F00D3DB8D /* MapsTests.swift */,
				D2BA39AE1CE1461F00D3DB8D /* Info.plist */,
			);
			path = MapsTests;
			sourceTree = "<group>";
		};
		D2BA39B61CE1461F00D3DB8D /* MapsUITests */ = {
			isa = PBXGroup;
			children = (
				D2BA39B71CE1461F00D3DB8D /* MapsUITests.swift */,
				D2BA39B91CE1461F00D3DB8D /* Info.plist */,
			);
			path = MapsUITests;
			sourceTree = "<group>";
		};
/* End PBXGroup section */

/* Begin PBXNativeTarget section */
		D2BA39931CE1461F00D3DB8D /* Maps */ = {
			isa = PBXNativeTarget;
			buildConfigurationList = D2BA39BC1CE1461F00D3DB8D /* Build configuration list for PBXNativeTarget "Maps" */;
			buildPhases = (
				D2BA39901CE1461F00D3DB8D /* Sources */,
				D2BA39911CE1461F00D3DB8D /* Frameworks */,
				D2BA39921CE1461F00D3DB8D /* Resources */,
			);
			buildRules = (
			);
			dependencies = (
			);
			name = Maps;
			productName = Maps;
			productReference = D2BA39941CE1461F00D3DB8D /* Maps.app */;
			productType = "com.apple.product-type.application";
		};
		D2BA39A71CE1461F00D3DB8D /* MapsTests */ = {
			isa = PBXNativeTarget;
			buildConfigurationList = D2BA39BF1CE1461F00D3DB8D /* Build configuration list for PBXNativeTarget "MapsTests" */;
			buildPhases = (
				D2BA39A41CE1461F00D3DB8D /* Sources */,
				D2BA39A51CE1461F00D3DB8D /* Frameworks */,
				D2BA39A61CE1461F00D3DB8D /* Resources */,
			);
			buildRules = (
			);
			dependencies = (
				D2BA39AA1CE1461F00D3DB8D /* PBXTargetDependency */,
			);
			name = MapsTests;
			productName = MapsTests;
			productReference = D2BA39A81CE1461F00D3DB8D /* MapsTests.xctest */;
			productType = "com.apple.product-type.bundle.unit-test";
		};
		D2BA39B21CE1461F00D3DB8D /* MapsUITests */ = {
			isa = PBXNativeTarget;
			buildConfigurationList = D2BA39C21CE1461F00D3DB8D /* Build configuration list for PBXNativeTarget "MapsUITests" */;
			buildPhases = (
				D2BA39AF1CE1461F00D3DB8D /* Sources */,
				D2BA39B01CE1461F00D3DB8D /* Frameworks */,
				D2BA39B11CE1461F00D3DB8D /* Resources */,
			);
			buildRules = (
			);
			dependencies = (
				D2BA39B51CE1461F00D3DB8D /* PBXTargetDependency */,
			);
			name = MapsUITests;
			productName = MapsUITests;
			productReference = D2BA39B31CE1461F00D3DB8D /* MapsUITests.xctest */;
			productType = "com.apple.product-type.bundle.ui-testing";
		};
/* End PBXNativeTarget section */

/* Begin PBXProject section */
		D2BA398C1CE1461F00D3DB8D /* Project object */ = {
			isa = PBXProject;
			attributes = {
				LastSwiftUpdateCheck = 0730;
				LastUpgradeCheck = 0730;
				ORGANIZATIONNAME = "Austin Bailie";
				TargetAttributes = {
					D2BA39931CE1461F00D3DB8D = {
						CreatedOnToolsVersion = 7.3.1;
						DevelopmentTeam = 55B2D2GREU;
						SystemCapabilities = {
							com.apple.BackgroundModes = {
								enabled = 1;
							};
							com.apple.Maps.iOS = {
								enabled = 0;
							};
						};
					};
					D2BA39A71CE1461F00D3DB8D = {
						CreatedOnToolsVersion = 7.3.1;
						TestTargetID = D2BA39931CE1461F00D3DB8D;
					};
					D2BA39B21CE1461F00D3DB8D = {
						CreatedOnToolsVersion = 7.3.1;
						TestTargetID = D2BA39931CE1461F00D3DB8D;
					};
				};
			};
			buildConfigurationList = D2BA398F1CE1461F00D3DB8D /* Build configuration list for PBXProject "Maps" */;
			compatibilityVersion = "Xcode 3.2";
			developmentRegion = English;
			hasScannedForEncodings = 0;
			knownRegions = (
				en,
				Base,
			);
			mainGroup = D2BA398B1CE1461F00D3DB8D;
			productRefGroup = D2BA39951CE1461F00D3DB8D /* Products */;
			projectDirPath = "";
			projectRoot = "";
			targets = (
				D2BA39931CE1461F00D3DB8D /* Maps */,
				D2BA39A71CE1461F00D3DB8D /* MapsTests */,
				D2BA39B21CE1461F00D3DB8D /* MapsUITests */,
			);
		};
/* End PBXProject section */

/* Begin PBXResourcesBuildPhase section */
		D2BA39921CE1461F00D3DB8D /* Resources */ = {
			isa = PBXResourcesBuildPhase;
			buildActionMask = 2147483647;
			files = (
				D25DC7941CF73B3F00ACAAA3 /* Compass.png in Resources */,
				D2BA39A21CE1461F00D3DB8D /* LaunchScreen.storyboard in Resources */,
				D2BA399F1CE1461F00D3DB8D /* Assets.xcassets in Resources */,
				D2BA399D1CE1461F00D3DB8D /* Main.storyboard in Resources */,
			);
			runOnlyForDeploymentPostprocessing = 0;
		};
		D2BA39A61CE1461F00D3DB8D /* Resources */ = {
			isa = PBXResourcesBuildPhase;
			buildActionMask = 2147483647;
			files = (
			);
			runOnlyForDeploymentPostprocessing = 0;
		};
		D2BA39B11CE1461F00D3DB8D /* Resources */ = {
			isa = PBXResourcesBuildPhase;
			buildActionMask = 2147483647;
			files = (
			);
			runOnlyForDeploymentPostprocessing = 0;
		};
/* End PBXResourcesBuildPhase section */

/* Begin PBXSourcesBuildPhase section */
		D2BA39901CE1461F00D3DB8D /* Sources */ = {
			isa = PBXSourcesBuildPhase;
			buildActionMask = 2147483647;
			files = (
				D23BA9B81D11945400C7CE3B /* DataController.swift in Sources */,
				D2BA399A1CE1461F00D3DB8D /* ViewController.swift in Sources */,
				D23BA9B51D11933600C7CE3B /* Route+CoreDataProperties.swift in Sources */,
				D2BA39981CE1461F00D3DB8D /* AppDelegate.swift in Sources */,
				D23BA9B61D11933600C7CE3B /* Route.swift in Sources */,
				D210D34B1D070A8A0067D83D /* SaveController.swift in Sources */,
				D21523441D103CD400A5BAD0 /* Maps.xcdatamodeld in Sources */,
			);
			runOnlyForDeploymentPostprocessing = 0;
		};
		D2BA39A41CE1461F00D3DB8D /* Sources */ = {
			isa = PBXSourcesBuildPhase;
			buildActionMask = 2147483647;
			files = (
				D2BA39AD1CE1461F00D3DB8D /* MapsTests.swift in Sources */,
			);
			runOnlyForDeploymentPostprocessing = 0;
		};
		D2BA39AF1CE1461F00D3DB8D /* Sources */ = {
			isa = PBXSourcesBuildPhase;
			buildActionMask = 2147483647;
			files = (
				D2BA39B81CE1461F00D3DB8D /* MapsUITests.swift in Sources */,
			);
			runOnlyForDeploymentPostprocessing = 0;
		};
/* End PBXSourcesBuildPhase section */

/* Begin PBXTargetDependency section */
		D2BA39AA1CE1461F00D3DB8D /* PBXTargetDependency */ = {
			isa = PBXTargetDependency;
			target = D2BA39931CE1461F00D3DB8D /* Maps */;
			targetProxy = D2BA39A91CE1461F00D3DB8D /* PBXContainerItemProxy */;
		};
		D2BA39B51CE1461F00D3DB8D /* PBXTargetDependency */ = {
			isa = PBXTargetDependency;
			target = D2BA39931CE1461F00D3DB8D /* Maps */;
			targetProxy = D2BA39B41CE1461F00D3DB8D /* PBXContainerItemProxy */;
		};
/* End PBXTargetDependency section */

/* Begin PBXVariantGroup section */
		D2BA399B1CE1461F00D3DB8D /* Main.storyboard */ = {
			isa = PBXVariantGroup;
			children = (
				D2BA399C1CE1461F00D3DB8D /* Base */,
			);
			name = Main.storyboard;
			sourceTree = "<group>";
		};
		D2BA39A01CE1461F00D3DB8D /* LaunchScreen.storyboard */ = {
			isa = PBXVariantGroup;
			children = (
				D2BA39A11CE1461F00D3DB8D /* Base */,
			);
			name = LaunchScreen.storyboard;
			sourceTree = "<group>";
		};
/* End PBXVariantGroup section */

/* Begin XCBuildConfiguration section */
		D2BA39BA1CE1461F00D3DB8D /* Debug */ = {
			isa = XCBuildConfiguration;
			buildSettings = {
				ALWAYS_SEARCH_USER_PATHS = NO;
				CLANG_ANALYZER_NONNULL = YES;
				CLANG_CXX_LANGUAGE_STANDARD = "gnu++0x";
				CLANG_CXX_LIBRARY = "libc++";
				CLANG_ENABLE_MODULES = YES;
				CLANG_ENABLE_OBJC_ARC = YES;
				CLANG_WARN_BOOL_CONVERSION = YES;
				CLANG_WARN_CONSTANT_CONVERSION = YES;
				CLANG_WARN_DIRECT_OBJC_ISA_USAGE = YES_ERROR;
				CLANG_WARN_EMPTY_BODY = YES;
				CLANG_WARN_ENUM_CONVERSION = YES;
				CLANG_WARN_INT_CONVERSION = YES;
				CLANG_WARN_OBJC_ROOT_CLASS = YES_ERROR;
				CLANG_WARN_UNREACHABLE_CODE = YES;
				CLANG_WARN__DUPLICATE_METHOD_MATCH = YES;
				"CODE_SIGN_IDENTITY[sdk=iphoneos*]" = "iPhone Developer";
				COPY_PHASE_STRIP = NO;
				DEBUG_INFORMATION_FORMAT = dwarf;
				ENABLE_STRICT_OBJC_MSGSEND = YES;
				ENABLE_TESTABILITY = YES;
				GCC_C_LANGUAGE_STANDARD = gnu99;
				GCC_DYNAMIC_NO_PIC = NO;
				GCC_NO_COMMON_BLOCKS = YES;
				GCC_OPTIMIZATION_LEVEL = 0;
				GCC_PREPROCESSOR_DEFINITIONS = (
					"DEBUG=1",
					"$(inherited)",
				);
				GCC_WARN_64_TO_32_BIT_CONVERSION = YES;
				GCC_WARN_ABOUT_RETURN_TYPE = YES_ERROR;
				GCC_WARN_UNDECLARED_SELECTOR = YES;
				GCC_WARN_UNINITIALIZED_AUTOS = YES_AGGRESSIVE;
				GCC_WARN_UNUSED_FUNCTION = YES;
				GCC_WARN_UNUSED_VARIABLE = YES;
				IPHONEOS_DEPLOYMENT_TARGET = 9.3;
				MTL_ENABLE_DEBUG_INFO = YES;
				ONLY_ACTIVE_ARCH = YES;
				SDKROOT = iphoneos;
				SWIFT_OPTIMIZATION_LEVEL = "-Onone";
			};
			name = Debug;
		};
		D2BA39BB1CE1461F00D3DB8D /* Release */ = {
			isa = XCBuildConfiguration;
			buildSettings = {
				ALWAYS_SEARCH_USER_PATHS = NO;
				CLANG_ANALYZER_NONNULL = YES;
				CLANG_CXX_LANGUAGE_STANDARD = "gnu++0x";
				CLANG_CXX_LIBRARY = "libc++";
				CLANG_ENABLE_MODULES = YES;
				CLANG_ENABLE_OBJC_ARC = YES;
				CLANG_WARN_BOOL_CONVERSION = YES;
				CLANG_WARN_CONSTANT_CONVERSION = YES;
				CLANG_WARN_DIRECT_OBJC_ISA_USAGE = YES_ERROR;
				CLANG_WARN_EMPTY_BODY = YES;
				CLANG_WARN_ENUM_CONVERSION = YES;
				CLANG_WARN_INT_CONVERSION = YES;
				CLANG_WARN_OBJC_ROOT_CLASS = YES_ERROR;
				CLANG_WARN_UNREACHABLE_CODE = YES;
				CLANG_WARN__DUPLICATE_METHOD_MATCH = YES;
				"CODE_SIGN_IDENTITY[sdk=iphoneos*]" = "iPhone Developer";
				COPY_PHASE_STRIP = NO;
				DEBUG_INFORMATION_FORMAT = "dwarf-with-dsym";
				ENABLE_NS_ASSERTIONS = NO;
				ENABLE_STRICT_OBJC_MSGSEND = YES;
				GCC_C_LANGUAGE_STANDARD = gnu99;
				GCC_NO_COMMON_BLOCKS = YES;
				GCC_WARN_64_TO_32_BIT_CONVERSION = YES;
				GCC_WARN_ABOUT_RETURN_TYPE = YES_ERROR;
				GCC_WARN_UNDECLARED_SELECTOR = YES;
				GCC_WARN_UNINITIALIZED_AUTOS = YES_AGGRESSIVE;
				GCC_WARN_UNUSED_FUNCTION = YES;
				GCC_WARN_UNUSED_VARIABLE = YES;
				IPHONEOS_DEPLOYMENT_TARGET = 9.3;
				MTL_ENABLE_DEBUG_INFO = NO;
				SDKROOT = iphoneos;
				VALIDATE_PRODUCT = YES;
			};
			name = Release;
		};
		D2BA39BD1CE1461F00D3DB8D /* Debug */ = {
			isa = XCBuildConfiguration;
			buildSettings = {
				ASSETCATALOG_COMPILER_APPICON_NAME = AppIcon;
				CODE_SIGN_IDENTITY = "iPhone Developer";
				"CODE_SIGN_IDENTITY[sdk=iphoneos*]" = "iPhone Developer";
				INFOPLIST_FILE = Maps/Info.plist;
				LD_RUNPATH_SEARCH_PATHS = "$(inherited) @executable_path/Frameworks";
				PRODUCT_BUNDLE_IDENTIFIER = Austin.Maps;
				PRODUCT_NAME = "$(TARGET_NAME)";
				PROVISIONING_PROFILE = "";
			};
			name = Debug;
		};
		D2BA39BE1CE1461F00D3DB8D /* Release */ = {
			isa = XCBuildConfiguration;
			buildSettings = {
				ASSETCATALOG_COMPILER_APPICON_NAME = AppIcon;
				CODE_SIGN_IDENTITY = "iPhone Developer";
				"CODE_SIGN_IDENTITY[sdk=iphoneos*]" = "iPhone Developer";
				INFOPLIST_FILE = Maps/Info.plist;
				LD_RUNPATH_SEARCH_PATHS = "$(inherited) @executable_path/Frameworks";
				PRODUCT_BUNDLE_IDENTIFIER = Austin.Maps;
				PRODUCT_NAME = "$(TARGET_NAME)";
				PROVISIONING_PROFILE = "";
			};
			name = Release;
		};
		D2BA39C01CE1461F00D3DB8D /* Debug */ = {
			isa = XCBuildConfiguration;
			buildSettings = {
				BUNDLE_LOADER = "$(TEST_HOST)";
				INFOPLIST_FILE = MapsTests/Info.plist;
				LD_RUNPATH_SEARCH_PATHS = "$(inherited) @executable_path/Frameworks @loader_path/Frameworks";
				PRODUCT_BUNDLE_IDENTIFIER = Austin.MapsTests;
				PRODUCT_NAME = "$(TARGET_NAME)";
				TEST_HOST = "$(BUILT_PRODUCTS_DIR)/Maps.app/Maps";
			};
			name = Debug;
		};
		D2BA39C11CE1461F00D3DB8D /* Release */ = {
			isa = XCBuildConfiguration;
			buildSettings = {
				BUNDLE_LOADER = "$(TEST_HOST)";
				INFOPLIST_FILE = MapsTests/Info.plist;
				LD_RUNPATH_SEARCH_PATHS = "$(inherited) @executable_path/Frameworks @loader_path/Frameworks";
				PRODUCT_BUNDLE_IDENTIFIER = Austin.MapsTests;
				PRODUCT_NAME = "$(TARGET_NAME)";
				TEST_HOST = "$(BUILT_PRODUCTS_DIR)/Maps.app/Maps";
			};
			name = Release;
		};
		D2BA39C31CE1461F00D3DB8D /* Debug */ = {
			isa = XCBuildConfiguration;
			buildSettings = {
				INFOPLIST_FILE = MapsUITests/Info.plist;
				LD_RUNPATH_SEARCH_PATHS = "$(inherited) @executable_path/Frameworks @loader_path/Frameworks";
				PRODUCT_BUNDLE_IDENTIFIER = Austin.MapsUITests;
				PRODUCT_NAME = "$(TARGET_NAME)";
				TEST_TARGET_NAME = Maps;
			};
			name = Debug;
		};
		D2BA39C41CE1461F00D3DB8D /* Release */ = {
			isa = XCBuildConfiguration;
			buildSettings = {
				INFOPLIST_FILE = MapsUITests/Info.plist;
				LD_RUNPATH_SEARCH_PATHS = "$(inherited) @executable_path/Frameworks @loader_path/Frameworks";
				PRODUCT_BUNDLE_IDENTIFIER = Austin.MapsUITests;
				PRODUCT_NAME = "$(TARGET_NAME)";
				TEST_TARGET_NAME = Maps;
			};
			name = Release;
		};
/* End XCBuildConfiguration section */

/* Begin XCConfigurationList section */
		D2BA398F1CE1461F00D3DB8D /* Build configuration list for PBXProject "Maps" */ = {
			isa = XCConfigurationList;
			buildConfigurations = (
				D2BA39BA1CE1461F00D3DB8D /* Debug */,
				D2BA39BB1CE1461F00D3DB8D /* Release */,
			);
			defaultConfigurationIsVisible = 0;
			defaultConfigurationName = Release;
		};
		D2BA39BC1CE1461F00D3DB8D /* Build configuration list for PBXNativeTarget "Maps" */ = {
			isa = XCConfigurationList;
			buildConfigurations = (
				D2BA39BD1CE1461F00D3DB8D /* Debug */,
				D2BA39BE1CE1461F00D3DB8D /* Release */,
			);
			defaultConfigurationIsVisible = 0;
			defaultConfigurationName = Release;
		};
		D2BA39BF1CE1461F00D3DB8D /* Build configuration list for PBXNativeTarget "MapsTests" */ = {
			isa = XCConfigurationList;
			buildConfigurations = (
				D2BA39C01CE1461F00D3DB8D /* Debug */,
				D2BA39C11CE1461F00D3DB8D /* Release */,
			);
			defaultConfigurationIsVisible = 0;
			defaultConfigurationName = Release;
		};
		D2BA39C21CE1461F00D3DB8D /* Build configuration list for PBXNativeTarget "MapsUITests" */ = {
			isa = XCConfigurationList;
			buildConfigurations = (
				D2BA39C31CE1461F00D3DB8D /* Debug */,
				D2BA39C41CE1461F00D3DB8D /* Release */,
			);
			defaultConfigurationIsVisible = 0;
			defaultConfigurationName = Release;
		};
/* End XCConfigurationList section */

/* Begin XCVersionGroup section */
		D21523421D103CD400A5BAD0 /* Maps.xcdatamodeld */ = {
			isa = XCVersionGroup;
			children = (
				D21523431D103CD400A5BAD0 /* Maps.xcdatamodel */,
			);
			currentVersion = D21523431D103CD400A5BAD0 /* Maps.xcdatamodel */;
			path = Maps.xcdatamodeld;
			sourceTree = "<group>";
			versionGroupType = wrapper.xcdatamodel;
		};
/* End XCVersionGroup section */
	};
	rootObject = D2BA398C1CE1461F00D3DB8D /* Project object */;
}
